
Microsoft Visual Studio Solution File, Format Version 12.00
# Visual Studio Version 16
VisualStudioVersion = 16.0.32126.315
MinimumVisualStudioVersion = 10.0.40219.1
Project("{FAE04EC0-301F-11D3-BF4B-00C04F79EFBC}") = "Exercicio.um", "Exercicio.um\Exercicio.um.csproj", "{49757DD8-9619-41C6-B166-CE162EAF9A67}"
EndProject
Project("{FAE04EC0-301F-11D3-BF4B-00C04F79EFBC}") = "Exercicio.dois", "Exercicio.dois\Exercicio.dois.csproj", "{23FF99FA-9EC4-44FE-8245-EB59F36E3B76}"
EndProject
Global
	GlobalSection(SolutionConfigurationPlatforms) = preSolution
		Debug|Any CPU = Debug|Any CPU
		Release|Any CPU = Release|Any CPU
	EndGlobalSection
	GlobalSection(ProjectConfigurationPlatforms) = postSolution
		{49757DD8-9619-41C6-B166-CE162EAF9A67}.Debug|Any CPU.ActiveCfg = Debug|Any CPU
		{49757DD8-9619-41C6-B166-CE162EAF9A67}.Debug|Any CPU.Build.0 = Debug|Any CPU
		{49757DD8-9619-41C6-B166-CE162EAF9A67}.Release|Any CPU.ActiveCfg = Release|Any CPU
		{49757DD8-9619-41C6-B166-CE162EAF9A67}.Release|Any CPU.Build.0 = Release|Any CPU
		{23FF99FA-9EC4-44FE-8245-EB59F36E3B76}.Debug|Any CPU.ActiveCfg = Debug|Any CPU
		{23FF99FA-9EC4-44FE-8245-EB59F36E3B76}.Debug|Any CPU.Build.0 = Debug|Any CPU
		{23FF99FA-9EC4-44FE-8245-EB59F36E3B76}.Release|Any CPU.ActiveCfg = Release|Any CPU
		{23FF99FA-9EC4-44FE-8245-EB59F36E3B76}.Release|Any CPU.Build.0 = Release|Any CPU
	EndGlobalSection
	GlobalSection(SolutionProperties) = preSolution
		HideSolutionNode = FALSE
	EndGlobalSection
	GlobalSection(ExtensibilityGlobals) = postSolution
		SolutionGuid = {3A0FD988-3599-413F-A4DB-9AB1784B2886}
	EndGlobalSection
EndGlobal
